# NOTICE: This lockfile contains some overrides from shard.override.yml
version: 2.0
shards:
  athena:
    git: https://github.com/athena-framework/framework.git
    version: 0.18.2+git.commit.6ecc3c0f4030445f7131c8fefdeddbda1631c05d

  athena-clock:
    git: https://github.com/athena-framework/clock.git
    version: 0.1.1

  athena-config:
    git: https://github.com/athena-framework/config.git
    version: 0.3.3

  athena-console:
    git: https://github.com/athena-framework/console.git
    version: 0.3.4

  athena-dependency_injection:
    git: https://github.com/athena-framework/dependency-injection.git
    version: 0.3.8

  athena-event_dispatcher:
    git: https://github.com/athena-framework/event-dispatcher.git
    version: 0.2.3

  athena-image_size:
    git: https://github.com/athena-framework/image-size.git
    version: 0.1.2

  athena-negotiation:
    git: https://github.com/athena-framework/negotiation.git
    version: 0.1.4

  athena-routing:
    git: https://github.com/athena-framework/routing.git
    version: 0.1.8

  athena-serializer:
    git: https://github.com/athena-framework/serializer.git
    version: 0.3.4

  athena-validator:
    git: https://github.com/athena-framework/validator.git
    version: 0.3.2

  awscr-s3:
    git: https://github.com/taylorfinnell/awscr-s3.git
    version: 0.8.3

  awscr-signer:
    git: https://github.com/taylorfinnell/awscr-signer.git
    version: 0.8.2

  crecto:
    path: ../crecto
    version: 0.12.1

  crinja:
    git: https://github.com/straight-shoota/crinja.git
    version: 0.8.1

  cron_parser:
    git: https://github.com/kostya/cron_parser.git
    version: 0.4.0

  db: # Overridden
    git: https://github.com/crystal-lang/crystal-db.git
    version: 0.13.0

  future:
    git: https://github.com/crystal-community/future.cr.git
    version: 1.0.0

  magic:
    git: https://github.com/dscottboggs/magic.cr.git
    version: 1.1.0

  micrate:
    git: https://github.com/amberframework/micrate.git
    version: 0.13.0

  pg:
    git: https://github.com/will/crystal-pg.git
    version: 0.28.0

  poncho:
    git: https://github.com/icyleaf/poncho.git
    version: 0.4.0

  popcorn:
    git: https://github.com/icyleaf/popcorn.git
    version: 0.3.0

  sqlite3:
    git: https://github.com/crystal-lang/crystal-sqlite3.git
    version: 0.21.0

  subnet:
    git: https://github.com/watzon/subnet.git
    version: 0.1.0+git.commit.f754104cdfc1872ca66f469801fd3f2e8739e2a9

  tasker:
    git: https://github.com/spider-gazelle/tasker.git
    version: 2.1.4

  totem:
    git: https://github.com/icyleaf/totem.git
    version: 0.7.0

